
Microsoft Visual Studio Solution File, Format Version 12.00
# Visual Studio Version 16
VisualStudioVersion = 16.0.31205.134
MinimumVisualStudioVersion = 10.0.40219.1
Project("{FAE04EC0-301F-11D3-BF4B-00C04F79EFBC}") = "imparpar", "imparpar\imparpar.csproj", "{934C060D-6FC5-4FEB-BA84-0636D04C38C0}"
EndProject
Global
	GlobalSection(SolutionConfigurationPlatforms) = preSolution
		Debug|Any CPU = Debug|Any CPU
		Release|Any CPU = Release|Any CPU
	EndGlobalSection
	GlobalSection(ProjectConfigurationPlatforms) = postSolution
		{934C060D-6FC5-4FEB-BA84-0636D04C38C0}.Debug|Any CPU.ActiveCfg = Debug|Any CPU
		{934C060D-6FC5-4FEB-BA84-0636D04C38C0}.Debug|Any CPU.Build.0 = Debug|Any CPU
		{934C060D-6FC5-4FEB-BA84-0636D04C38C0}.Release|Any CPU.ActiveCfg = Release|Any CPU
		{934C060D-6FC5-4FEB-BA84-0636D04C38C0}.Release|Any CPU.Build.0 = Release|Any CPU
	EndGlobalSection
	GlobalSection(SolutionProperties) = preSolution
		HideSolutionNode = FALSE
	EndGlobalSection
	GlobalSection(ExtensibilityGlobals) = postSolution
		SolutionGuid = {09BCD60D-4F78-4DC7-9475-F3E3FDD08AC4}
	EndGlobalSection
EndGlobal
