
Microsoft Visual Studio Solution File, Format Version 12.00
# Visual Studio Version 16
VisualStudioVersion = 16.0.31205.134
MinimumVisualStudioVersion = 10.0.40219.1
Project("{FAE04EC0-301F-11D3-BF4B-00C04F79EFBC}") = "maiornum", "maiornum\maiornum.csproj", "{A18243F4-8B0E-4729-8CD0-724CB3E983AD}"
EndProject
Global
	GlobalSection(SolutionConfigurationPlatforms) = preSolution
		Debug|Any CPU = Debug|Any CPU
		Release|Any CPU = Release|Any CPU
	EndGlobalSection
	GlobalSection(ProjectConfigurationPlatforms) = postSolution
		{A18243F4-8B0E-4729-8CD0-724CB3E983AD}.Debug|Any CPU.ActiveCfg = Debug|Any CPU
		{A18243F4-8B0E-4729-8CD0-724CB3E983AD}.Debug|Any CPU.Build.0 = Debug|Any CPU
		{A18243F4-8B0E-4729-8CD0-724CB3E983AD}.Release|Any CPU.ActiveCfg = Release|Any CPU
		{A18243F4-8B0E-4729-8CD0-724CB3E983AD}.Release|Any CPU.Build.0 = Release|Any CPU
	EndGlobalSection
	GlobalSection(SolutionProperties) = preSolution
		HideSolutionNode = FALSE
	EndGlobalSection
	GlobalSection(ExtensibilityGlobals) = postSolution
		SolutionGuid = {D2F96009-364E-4094-8C10-8075FB788D17}
	EndGlobalSection
EndGlobal
